{
    "_readme": [
        "This file locks the dependencies of your project to a known state",
        "Read more about it at https://getcomposer.org/doc/01-basic-usage.md#installing-dependencies",
        "This file is @generated automatically"
    ],
    "content-hash": "3fc12464759a1ac71a11f6e92dc14df4",
    "packages": [],
    "packages-dev": [
        {
            "name": "nezimi/my-functions",
            "version": "dev-master",
            "source": {
                "type": "git",
                "url": "https://github.com/PengYilong/my-functions.git",
                "reference": "d23eaece5cfc5561b28ae205a5eb7eb1db8183fc"
            },
            "dist": {
                "type": "zip",
                "url": "https://api.github.com/repos/PengYilong/my-functions/zipball/d23eaece5cfc5561b28ae205a5eb7eb1db8183fc",
                "reference": "d23eaece5cfc5561b28ae205a5eb7eb1db8183fc",
                "shasum": ""
            },
            "require": {
                "php": ">=5.6"
            },
            "type": "library",
            "autoload": {
                "psr-4": [],
                "files": [
                    "src/functions.php"
                ]
            },
            "notification-url": "https://packagist.org/downloads/",
            "authors": [
                {
                    "name": "Yilong Peng",
                    "email": "948800401@qq.com",
                    "role": "Developer"
                }
            ],
            "description": "library",
            "time": "2019-12-09T11:22:23+00:00"
        }
    ],
    "aliases": [],
    "minimum-stability": "dev",
    "stability-flags": {
        "nezimi/my-functions": 20
    },
    "prefer-stable": false,
    "prefer-lowest": false,
    "platform": {
        "php": ">=5.4"
    },
    "platform-dev": []
}
